
Microsoft Visual Studio Solution File, Format Version 12.00
# Visual Studio Version 17
VisualStudioVersion = 17.4.33205.214
MinimumVisualStudioVersion = 10.0.40219.1
Project("{9A19103F-16F7-4668-BE54-9A1E7A4F7556}") = "PirateApi.Functions", "PirateApi.Functions.csproj", "{C7B198B8-7378-4604-9A9C-5D6B03277296}"
EndProject
Global
	GlobalSection(SolutionConfigurationPlatforms) = preSolution
		Debug|Any CPU = Debug|Any CPU
		Release|Any CPU = Release|Any CPU
	EndGlobalSection
	GlobalSection(ProjectConfigurationPlatforms) = postSolution
		{C7B198B8-7378-4604-9A9C-5D6B03277296}.Debug|Any CPU.ActiveCfg = Debug|Any CPU
		{C7B198B8-7378-4604-9A9C-5D6B03277296}.Debug|Any CPU.Build.0 = Debug|Any CPU
		{C7B198B8-7378-4604-9A9C-5D6B03277296}.Release|Any CPU.ActiveCfg = Release|Any CPU
		{C7B198B8-7378-4604-9A9C-5D6B03277296}.Release|Any CPU.Build.0 = Release|Any CPU
	EndGlobalSection
	GlobalSection(SolutionProperties) = preSolution
		HideSolutionNode = FALSE
	EndGlobalSection
	GlobalSection(ExtensibilityGlobals) = postSolution
		SolutionGuid = {654C0384-6ECE-4751-A8D1-6EAACAEFF632}
	EndGlobalSection
EndGlobal
